<?xml version="1.0" encoding="UTF-8"?>
<!DOCTYPE plist PUBLIC "-//Apple//DTD PLIST 1.0//EN" "http://www.apple.com/DTDs/PropertyList-1.0.dtd">
<plist version="1.0">
<dict>
	<key>archiveVersion</key>
	<string>1</string>
	<key>classes</key>
	<dict/>
	<key>objectVersion</key>
	<string>46</string>
	<key>objects</key>
	<dict>
		<key>0230c65f1189c88da8186fca</key>
		<dict>
			<key>fileRef</key>
			<string>77D69FB517ABDE2B00DE21A4</string>
			<key>isa</key>
			<string>PBXBuildFile</string>
		</dict>
		<key>207206e3b159e94d39d92329</key>
		<dict>
			<key>fileRef</key>
			<string>77D69FCF17ABE90700DE21A4</string>
			<key>isa</key>
			<string>PBXBuildFile</string>
		</dict>
		<key>2100af818aea86dba18e56cd</key>
		<dict>
			<key>fileRef</key>
			<string>77D69FCD17ABE90700DE21A4</string>
			<key>isa</key>
			<string>PBXBuildFile</string>
		</dict>
		<key>21b0f1d70c108c88f2c82044</key>
		<dict>
			<key>buildActionMask</key>
			<string>2147483647</string>
			<key>files</key>
			<array>
				<string>350f860d2bdea6122dcde947</string>
				<string>b66a3c143eaad5fd4d336153</string>
				<string>54671e543a511b0c76bb9594</string>
				<string>807c564624c74a37300ed5ff</string>
				<string>207206e3b159e94d39d92329</string>
			</array>
			<key>isa</key>
			<string>PBXSourcesBuildPhase</string>
			<key>runOnlyForDeploymentPostprocessing</key>
			<string>0</string>
		</dict>
		<key>254ccf4a39c9bad958d9d77e</key>
		<dict>
			<key>fileRef</key>
			<string>77D69FCC17ABE90700DE21A4</string>
			<key>isa</key>
			<string>PBXBuildFile</string>
		</dict>
		<key>29a785e0dcffe3db548bbd93</key>
		<dict>
			<key>fileRef</key>
			<string>77D69FDF17ABE92900DE21A4</string>
			<key>isa</key>
			<string>PBXBuildFile</string>
		</dict>
		<key>2de72b048c24261bf5218386</key>
		<dict>
			<key>fileRef</key>
			<string>77D69FE017ABE92900DE21A4</string>
			<key>isa</key>
			<string>PBXBuildFile</string>
		</dict>
		<key>2e62ea082008344b6e27092d</key>
		<dict>
			<key>fileRef</key>
			<string>77D69FE317ABE92900DE21A4</string>
			<key>isa</key>
			<string>PBXBuildFile</string>
		</dict>
		<key>328686070c99a172eaf96676</key>
		<dict>
			<key>buildConfigurations</key>
			<array>
				<string>b8fad792bb47118033e46173</string>
				<string>39bc0e659e77b6b080ab95ba</string>
			</array>
			<key>defaultConfigurationIsVisible</key>
			<string>0</string>
			<key>defaultConfigurationName</key>
			<string>Release</string>
			<key>isa</key>
			<string>XCConfigurationList</string>
		</dict>
		<key>32c7d7f579ca6164b21df2da</key>
		<dict>
			<key>fileRef</key>
			<string>77D69FDD17ABE92900DE21A4</string>
			<key>isa</key>
			<string>PBXBuildFile</string>
		</dict>
		<key>350f860d2bdea6122dcde947</key>
		<dict>
			<key>fileRef</key>
			<string>77D69FBA17ABE8DF00DE21A4</string>
			<key>isa</key>
			<string>PBXBuildFile</string>
		</dict>
		<key>358ab400f5a66e83bedf36ca</key>
		<dict>
			<key>buildActionMask</key>
			<string>2147483647</string>
			<key>files</key>
			<array>
				<string>fffee292cb062ffd75ab6960</string>
				<string>8ccc7988d75f8e62d6e8d33d</string>
				<string>f6c317a5df2042e77981c915</string>
				<string>edb8fa7b67ed1cbb4b5c9928</string>
				<string>a6378cb8bdce9e21540a17f1</string>
			</array>
			<key>isa</key>
			<string>PBXFrameworksBuildPhase</string>
			<key>runOnlyForDeploymentPostprocessing</key>
			<string>0</string>
		</dict>
		<key>39bc0e659e77b6b080ab95ba</key>
		<dict>
			<key>buildSettings</key>
			<dict>
				<key>CODE_SIGN_IDENTITY</key>
				<string>iPhone Developer: Anand Shah (A8VHE84DGR)</string>
				<key>CODE_SIGN_IDENTITY[sdk=iphoneos*]</key>
				<string>iPhone Developer: Anand Shah (A8VHE84DGR)</string>
				<key>FRAMEWORK_SEARCH_PATHS</key>
				<array>
					<string>$(inherited)</string>
					<string>"$(SRCROOT)"</string>
				</array>
				<key>GCC_PRECOMPILE_PREFIX_HEADER</key>
				<string>YES</string>
				<key>GCC_PREFIX_HEADER</key>
				<string>MJTransitionEffect/MJTransitionEffect-Prefix.pch</string>
				<key>INFOPLIST_FILE</key>
				<string>MJTransitionEffect/MJTransitionEffect-Info.plist</string>
				<key>OTHER_LDFLAGS</key>
				<array>
					<string>$(inherited)</string>
					<string>-force_load</string>
					<string>"$(SRCROOT)/calabash.framework/calabash"</string>
					<string>-lstdc++</string>
				</array>
				<key>PRODUCT_NAME</key>
				<string>MJTransitionEffect</string>
				<key>PROVISIONING_PROFILE</key>
				<string>2CD50994-F1F9-480F-AB70-BE79BF7A3DBE</string>
				<key>PROVISIONING_PROFILE[sdk=iphoneos*]</key>
				<string>2CD50994-F1F9-480F-AB70-BE79BF7A3DBE</string>
				<key>WRAPPER_EXTENSION</key>
				<string>app</string>
			</dict>
			<key>isa</key>
			<string>XCBuildConfiguration</string>
			<key>name</key>
			<string>Release</string>
		</dict>
		<key>3b28f9d0c670aa0e2892134d</key>
		<dict>
			<key>fileRef</key>
			<string>77CC9EE717AA52650042EB0B</string>
			<key>isa</key>
			<string>PBXBuildFile</string>
		</dict>
		<key>3ea0b73f1e8d56bd8ad4fb9b</key>
		<dict>
			<key>fileRef</key>
			<string>77D69FE217ABE92900DE21A4</string>
			<key>isa</key>
			<string>PBXBuildFile</string>
		</dict>
		<key>44dece5be553096ca1980d70</key>
		<dict>
			<key>fileRef</key>
			<string>77D69FB817ABE8DF00DE21A4</string>
			<key>isa</key>
			<string>PBXBuildFile</string>
		</dict>
		<key>54671e543a511b0c76bb9594</key>
		<dict>
			<key>fileRef</key>
			<string>77D69FC817ABE90700DE21A4</string>
			<key>isa</key>
			<string>PBXBuildFile</string>
		</dict>
		<key>6f5eebc1dcf74bf4289be3bf</key>
		<dict>
			<key>fileRef</key>
			<string>77D69FDC17ABE92900DE21A4</string>
			<key>isa</key>
			<string>PBXBuildFile</string>
		</dict>
		<key>7469eb66ae62a146a7019a20</key>
		<dict>
			<key>fileRef</key>
			<string>77D69FDB17ABE92900DE21A4</string>
			<key>isa</key>
			<string>PBXBuildFile</string>
		</dict>
		<key>7715882317A91CA700FEA414</key>
		<dict>
			<key>children</key>
			<array>
				<string>77D69FB517ABDE2B00DE21A4</string>
				<string>77CC9EE717AA52650042EB0B</string>
				<string>77CC9ED217AA52030042EB0B</string>
				<string>7715883517A91CA700FEA414</string>
				<string>7715882E17A91CA700FEA414</string>
				<string>7715882D17A91CA700FEA414</string>
			</array>
			<key>isa</key>
			<string>PBXGroup</string>
			<key>sourceTree</key>
			<string>&lt;group&gt;</string>
		</dict>
		<key>7715882417A91CA700FEA414</key>
		<dict>
			<key>attributes</key>
			<dict>
				<key>LastUpgradeCheck</key>
				<string>0460</string>
				<key>ORGANIZATIONNAME</key>
				<string>mayur</string>
			</dict>
			<key>buildConfigurationList</key>
			<string>7715882717A91CA700FEA414</string>
			<key>compatibilityVersion</key>
			<string>Xcode 3.2</string>
			<key>developmentRegion</key>
			<string>English</string>
			<key>hasScannedForEncodings</key>
			<string>0</string>
			<key>isa</key>
			<string>PBXProject</string>
			<key>knownRegions</key>
			<array>
				<string>en</string>
			</array>
			<key>mainGroup</key>
			<string>7715882317A91CA700FEA414</string>
			<key>productRefGroup</key>
			<string>7715882D17A91CA700FEA414</string>
			<key>projectDirPath</key>
			<string></string>
			<key>projectRoot</key>
			<string></string>
			<key>targets</key>
			<array>
				<string>7715882B17A91CA700FEA414</string>
				<string>cbe0bac744142052e2d5d72b</string>
			</array>
		</dict>
		<key>7715882717A91CA700FEA414</key>
		<dict>
			<key>buildConfigurations</key>
			<array>
				<string>7715884D17A91CA800FEA414</string>
				<string>7715884E17A91CA800FEA414</string>
			</array>
			<key>defaultConfigurationIsVisible</key>
			<string>0</string>
			<key>defaultConfigurationName</key>
			<string>Release</string>
			<key>isa</key>
			<string>XCConfigurationList</string>
		</dict>
		<key>7715882817A91CA700FEA414</key>
		<dict>
			<key>buildActionMask</key>
			<string>2147483647</string>
			<key>files</key>
			<array>
				<string>77D69FC017ABE8DF00DE21A4</string>
				<string>77D69FD017ABE90700DE21A4</string>
				<string>77D69FD117ABE90700DE21A4</string>
				<string>77D69FD317ABE90700DE21A4</string>
				<string>77D69FD617ABE90700DE21A4</string>
			</array>
			<key>isa</key>
			<string>PBXSourcesBuildPhase</string>
			<key>runOnlyForDeploymentPostprocessing</key>
			<string>0</string>
		</dict>
		<key>7715882917A91CA700FEA414</key>
		<dict>
			<key>buildActionMask</key>
			<string>2147483647</string>
			<key>files</key>
			<array>
				<string>7715883017A91CA700FEA414</string>
				<string>7715883217A91CA700FEA414</string>
				<string>7715883417A91CA700FEA414</string>
			</array>
			<key>isa</key>
			<string>PBXFrameworksBuildPhase</string>
			<key>runOnlyForDeploymentPostprocessing</key>
			<string>0</string>
		</dict>
		<key>7715882A17A91CA700FEA414</key>
		<dict>
			<key>buildActionMask</key>
			<string>2147483647</string>
			<key>files</key>
			<array>
				<string>77CC9EE817AA52650042EB0B</string>
				<string>77D69FB617ABDE2B00DE21A4</string>
				<string>77D69FBD17ABE8DF00DE21A4</string>
				<string>77D69FBE17ABE8DF00DE21A4</string>
				<string>77D69FBF17ABE8DF00DE21A4</string>
				<string>77D69FC117ABE8DF00DE21A4</string>
				<string>77D69FD217ABE90700DE21A4</string>
				<string>77D69FD417ABE90700DE21A4</string>
				<string>77D69FD517ABE90700DE21A4</string>
				<string>77D69FD917ABE91B00DE21A4</string>
				<string>77D69FE417ABE92900DE21A4</string>
				<string>77D69FE517ABE92900DE21A4</string>
				<string>77D69FE617ABE92900DE21A4</string>
				<string>77D69FE717ABE92900DE21A4</string>
				<string>77D69FE817ABE92900DE21A4</string>
				<string>77D69FE917ABE92900DE21A4</string>
				<string>77D69FEA17ABE92900DE21A4</string>
				<string>77D69FEB17ABE92900DE21A4</string>
				<string>77D69FEC17ABE92900DE21A4</string>
				<string>77D69FED17ABE92900DE21A4</string>
				<string>77D69FF017ABE97900DE21A4</string>
			</array>
			<key>isa</key>
			<string>PBXResourcesBuildPhase</string>
			<key>runOnlyForDeploymentPostprocessing</key>
			<string>0</string>
		</dict>
		<key>7715882B17A91CA700FEA414</key>
		<dict>
			<key>buildConfigurationList</key>
			<string>7715884F17A91CA800FEA414</string>
			<key>buildPhases</key>
			<array>
				<string>7715882817A91CA700FEA414</string>
				<string>7715882917A91CA700FEA414</string>
				<string>7715882A17A91CA700FEA414</string>
			</array>
			<key>buildRules</key>
			<array/>
			<key>dependencies</key>
			<array/>
			<key>isa</key>
			<string>PBXNativeTarget</string>
			<key>name</key>
			<string>MJTransitionEffect</string>
			<key>productName</key>
			<string>AnimationMaximize</string>
			<key>productReference</key>
			<string>7715882C17A91CA700FEA414</string>
			<key>productType</key>
			<string>com.apple.product-type.application</string>
		</dict>
		<key>7715882C17A91CA700FEA414</key>
		<dict>
			<key>explicitFileType</key>
			<string>wrapper.application</string>
			<key>includeInIndex</key>
			<string>0</string>
			<key>isa</key>
			<string>PBXFileReference</string>
			<key>path</key>
			<string>MJTransitionEffect.app</string>
			<key>sourceTree</key>
			<string>BUILT_PRODUCTS_DIR</string>
		</dict>
		<key>7715882D17A91CA700FEA414</key>
		<dict>
			<key>children</key>
			<array>
				<string>7715882C17A91CA700FEA414</string>
			</array>
			<key>isa</key>
			<string>PBXGroup</string>
			<key>name</key>
			<string>Products</string>
			<key>sourceTree</key>
			<string>&lt;group&gt;</string>
		</dict>
		<key>7715882E17A91CA700FEA414</key>
		<dict>
			<key>children</key>
			<array>
				<string>7715882F17A91CA700FEA414</string>
				<string>7715883117A91CA700FEA414</string>
				<string>7715883317A91CA700FEA414</string>
				<string>fd0335f15cac39b526c131b9</string>
				<string>c95a928cb572a625bf2d5c58</string>
			</array>
			<key>isa</key>
			<string>PBXGroup</string>
			<key>name</key>
			<string>Frameworks</string>
			<key>path</key>
			<string></string>
			<key>sourceTree</key>
			<string>&lt;group&gt;</string>
		</dict>
		<key>7715882F17A91CA700FEA414</key>
		<dict>
			<key>isa</key>
			<string>PBXFileReference</string>
			<key>lastKnownFileType</key>
			<string>wrapper.framework</string>
			<key>name</key>
			<string>UIKit.framework</string>
			<key>path</key>
			<string>System/Library/Frameworks/UIKit.framework</string>
			<key>sourceTree</key>
			<string>SDKROOT</string>
		</dict>
		<key>7715883017A91CA700FEA414</key>
		<dict>
			<key>fileRef</key>
			<string>7715882F17A91CA700FEA414</string>
			<key>isa</key>
			<string>PBXBuildFile</string>
		</dict>
		<key>7715883117A91CA700FEA414</key>
		<dict>
			<key>isa</key>
			<string>PBXFileReference</string>
			<key>lastKnownFileType</key>
			<string>wrapper.framework</string>
			<key>name</key>
			<string>Foundation.framework</string>
			<key>path</key>
			<string>System/Library/Frameworks/Foundation.framework</string>
			<key>sourceTree</key>
			<string>SDKROOT</string>
		</dict>
		<key>7715883217A91CA700FEA414</key>
		<dict>
			<key>fileRef</key>
			<string>7715883117A91CA700FEA414</string>
			<key>isa</key>
			<string>PBXBuildFile</string>
		</dict>
		<key>7715883317A91CA700FEA414</key>
		<dict>
			<key>isa</key>
			<string>PBXFileReference</string>
			<key>lastKnownFileType</key>
			<string>wrapper.framework</string>
			<key>name</key>
			<string>CoreGraphics.framework</string>
			<key>path</key>
			<string>System/Library/Frameworks/CoreGraphics.framework</string>
			<key>sourceTree</key>
			<string>SDKROOT</string>
		</dict>
		<key>7715883417A91CA700FEA414</key>
		<dict>
			<key>fileRef</key>
			<string>7715883317A91CA700FEA414</string>
			<key>isa</key>
			<string>PBXBuildFile</string>
		</dict>
		<key>7715883517A91CA700FEA414</key>
		<dict>
			<key>children</key>
			<array>
				<string>77D69FC517ABE90700DE21A4</string>
				<string>77D69FC617ABE90700DE21A4</string>
				<string>77D69FC717ABE90700DE21A4</string>
				<string>77D69FC817ABE90700DE21A4</string>
				<string>77D69FC917ABE90700DE21A4</string>
				<string>77D69FCA17ABE90700DE21A4</string>
				<string>77D69FCB17ABE90700DE21A4</string>
				<string>77D69FCC17ABE90700DE21A4</string>
				<string>77D69FCD17ABE90700DE21A4</string>
				<string>77D69FCE17ABE90700DE21A4</string>
				<string>77D69FCF17ABE90700DE21A4</string>
				<string>77D69FD717ABE91B00DE21A4</string>
				<string>7715883617A91CA700FEA414</string>
			</array>
			<key>isa</key>
			<string>PBXGroup</string>
			<key>name</key>
			<string>MJTransitionEffect</string>
			<key>path</key>
			<string>AnimationMaximize</string>
			<key>sourceTree</key>
			<string>&lt;group&gt;</string>
		</dict>
		<key>7715883617A91CA700FEA414</key>
		<dict>
			<key>children</key>
			<array>
				<string>77D69FB717ABE8DF00DE21A4</string>
				<string>77D69FB817ABE8DF00DE21A4</string>
				<string>77D69FEE17ABE97900DE21A4</string>
				<string>77D69FB917ABE8DF00DE21A4</string>
				<string>77D69FBA17ABE8DF00DE21A4</string>
				<string>77D69FBB17ABE8DF00DE21A4</string>
				<string>77D69FBC17ABE8DF00DE21A4</string>
			</array>
			<key>isa</key>
			<string>PBXGroup</string>
			<key>name</key>
			<string>Supporting Files</string>
			<key>sourceTree</key>
			<string>&lt;group&gt;</string>
		</dict>
		<key>7715884D17A91CA800FEA414</key>
		<dict>
			<key>buildSettings</key>
			<dict>
				<key>ALWAYS_SEARCH_USER_PATHS</key>
				<string>NO</string>
				<key>CLANG_CXX_LANGUAGE_STANDARD</key>
				<string>gnu++0x</string>
				<key>CLANG_CXX_LIBRARY</key>
				<string>libc++</string>
				<key>CLANG_WARN_CONSTANT_CONVERSION</key>
				<string>YES</string>
				<key>CLANG_WARN_EMPTY_BODY</key>
				<string>YES</string>
				<key>CLANG_WARN_ENUM_CONVERSION</key>
				<string>YES</string>
				<key>CLANG_WARN_INT_CONVERSION</key>
				<string>YES</string>
				<key>CLANG_WARN__DUPLICATE_METHOD_MATCH</key>
				<string>YES</string>
				<key>CODE_SIGN_IDENTITY</key>
				<string>iPhone Developer: Anand Shah (A8VHE84DGR)</string>
				<key>CODE_SIGN_IDENTITY[sdk=iphoneos*]</key>
				<string>iPhone Developer: Anand Shah (A8VHE84DGR)</string>
				<key>COPY_PHASE_STRIP</key>
				<string>NO</string>
				<key>GCC_C_LANGUAGE_STANDARD</key>
				<string>gnu99</string>
				<key>GCC_DYNAMIC_NO_PIC</key>
				<string>NO</string>
				<key>GCC_OPTIMIZATION_LEVEL</key>
				<string>0</string>
				<key>GCC_PREPROCESSOR_DEFINITIONS</key>
				<array>
					<string>DEBUG=1</string>
					<string>$(inherited)</string>
				</array>
				<key>GCC_SYMBOLS_PRIVATE_EXTERN</key>
				<string>NO</string>
				<key>GCC_WARN_ABOUT_RETURN_TYPE</key>
				<string>YES</string>
				<key>GCC_WARN_UNINITIALIZED_AUTOS</key>
				<string>YES</string>
				<key>GCC_WARN_UNUSED_VARIABLE</key>
				<string>YES</string>
				<key>IPHONEOS_DEPLOYMENT_TARGET</key>
				<string>6.1</string>
				<key>ONLY_ACTIVE_ARCH</key>
				<string>YES</string>
				<key>PROVISIONING_PROFILE</key>
				<string>454F9832-5D04-4B7A-857D-B6F429045F5E</string>
				<key>PROVISIONING_PROFILE[sdk=iphoneos*]</key>
				<string>454F9832-5D04-4B7A-857D-B6F429045F5E</string>
				<key>SDKROOT</key>
				<string>iphoneos</string>
			</dict>
			<key>isa</key>
			<string>XCBuildConfiguration</string>
			<key>name</key>
			<string>Debug</string>
		</dict>
		<key>7715884E17A91CA800FEA414</key>
		<dict>
			<key>buildSettings</key>
			<dict>
				<key>ALWAYS_SEARCH_USER_PATHS</key>
				<string>NO</string>
				<key>CLANG_CXX_LANGUAGE_STANDARD</key>
				<string>gnu++0x</string>
				<key>CLANG_CXX_LIBRARY</key>
				<string>libc++</string>
				<key>CLANG_WARN_CONSTANT_CONVERSION</key>
				<string>YES</string>
				<key>CLANG_WARN_EMPTY_BODY</key>
				<string>YES</string>
				<key>CLANG_WARN_ENUM_CONVERSION</key>
				<string>YES</string>
				<key>CLANG_WARN_INT_CONVERSION</key>
				<string>YES</string>
				<key>CLANG_WARN__DUPLICATE_METHOD_MATCH</key>
				<string>YES</string>
				<key>CODE_SIGN_IDENTITY</key>
				<string>iPhone Developer: Anand Shah (A8VHE84DGR)</string>
				<key>CODE_SIGN_IDENTITY[sdk=iphoneos*]</key>
				<string>iPhone Developer: Anand Shah (A8VHE84DGR)</string>
				<key>COPY_PHASE_STRIP</key>
				<string>YES</string>
				<key>GCC_C_LANGUAGE_STANDARD</key>
				<string>gnu99</string>
				<key>GCC_WARN_ABOUT_RETURN_TYPE</key>
				<string>YES</string>
				<key>GCC_WARN_UNINITIALIZED_AUTOS</key>
				<string>YES</string>
				<key>GCC_WARN_UNUSED_VARIABLE</key>
				<string>YES</string>
				<key>IPHONEOS_DEPLOYMENT_TARGET</key>
				<string>6.1</string>
				<key>OTHER_CFLAGS</key>
				<string>-DNS_BLOCK_ASSERTIONS=1</string>
				<key>PROVISIONING_PROFILE</key>
				<string>454F9832-5D04-4B7A-857D-B6F429045F5E</string>
				<key>PROVISIONING_PROFILE[sdk=iphoneos*]</key>
				<string>454F9832-5D04-4B7A-857D-B6F429045F5E</string>
				<key>SDKROOT</key>
				<string>iphoneos</string>
				<key>VALIDATE_PRODUCT</key>
				<string>YES</string>
			</dict>
			<key>isa</key>
			<string>XCBuildConfiguration</string>
			<key>name</key>
			<string>Release</string>
		</dict>
		<key>7715884F17A91CA800FEA414</key>
		<dict>
			<key>buildConfigurations</key>
			<array>
				<string>7715885017A91CA800FEA414</string>
				<string>7715885117A91CA800FEA414</string>
			</array>
			<key>defaultConfigurationIsVisible</key>
			<string>0</string>
			<key>defaultConfigurationName</key>
			<string>Release</string>
			<key>isa</key>
			<string>XCConfigurationList</string>
		</dict>
		<key>7715885017A91CA800FEA414</key>
		<dict>
			<key>buildSettings</key>
			<dict>
				<key>CODE_SIGN_IDENTITY</key>
				<string>iPhone Developer: Anand Shah (A8VHE84DGR)</string>
				<key>CODE_SIGN_IDENTITY[sdk=iphoneos*]</key>
				<string>iPhone Developer: Anand Shah (A8VHE84DGR)</string>
				<key>GCC_PRECOMPILE_PREFIX_HEADER</key>
				<string>YES</string>
				<key>GCC_PREFIX_HEADER</key>
				<string>MJTransitionEffect/MJTransitionEffect-Prefix.pch</string>
				<key>INFOPLIST_FILE</key>
				<string>MJTransitionEffect/MJTransitionEffect-Info.plist</string>
				<key>PRODUCT_NAME</key>
				<string>MJTransitionEffect</string>
				<key>PROVISIONING_PROFILE</key>
				<string>2CD50994-F1F9-480F-AB70-BE79BF7A3DBE</string>
				<key>PROVISIONING_PROFILE[sdk=iphoneos*]</key>
				<string>2CD50994-F1F9-480F-AB70-BE79BF7A3DBE</string>
				<key>WRAPPER_EXTENSION</key>
				<string>app</string>
			</dict>
			<key>isa</key>
			<string>XCBuildConfiguration</string>
			<key>name</key>
			<string>Debug</string>
		</dict>
		<key>7715885117A91CA800FEA414</key>
		<dict>
			<key>buildSettings</key>
			<dict>
				<key>CODE_SIGN_IDENTITY</key>
				<string>iPhone Developer: Anand Shah (A8VHE84DGR)</string>
				<key>CODE_SIGN_IDENTITY[sdk=iphoneos*]</key>
				<string>iPhone Developer: Anand Shah (A8VHE84DGR)</string>
				<key>GCC_PRECOMPILE_PREFIX_HEADER</key>
				<string>YES</string>
				<key>GCC_PREFIX_HEADER</key>
				<string>MJTransitionEffect/MJTransitionEffect-Prefix.pch</string>
				<key>INFOPLIST_FILE</key>
				<string>MJTransitionEffect/MJTransitionEffect-Info.plist</string>
				<key>PRODUCT_NAME</key>
				<string>MJTransitionEffect</string>
				<key>PROVISIONING_PROFILE</key>
				<string>2CD50994-F1F9-480F-AB70-BE79BF7A3DBE</string>
				<key>PROVISIONING_PROFILE[sdk=iphoneos*]</key>
				<string>2CD50994-F1F9-480F-AB70-BE79BF7A3DBE</string>
				<key>WRAPPER_EXTENSION</key>
				<string>app</string>
			</dict>
			<key>isa</key>
			<string>XCBuildConfiguration</string>
			<key>name</key>
			<string>Release</string>
		</dict>
		<key>77CC9ED217AA52030042EB0B</key>
		<dict>
			<key>children</key>
			<array>
				<string>77D69FDA17ABE92900DE21A4</string>
				<string>77D69FDB17ABE92900DE21A4</string>
				<string>77D69FDC17ABE92900DE21A4</string>
				<string>77D69FDD17ABE92900DE21A4</string>
				<string>77D69FDE17ABE92900DE21A4</string>
				<string>77D69FDF17ABE92900DE21A4</string>
				<string>77D69FE017ABE92900DE21A4</string>
				<string>77D69FE117ABE92900DE21A4</string>
				<string>77D69FE217ABE92900DE21A4</string>
				<string>77D69FE317ABE92900DE21A4</string>
			</array>
			<key>isa</key>
			<string>PBXGroup</string>
			<key>name</key>
			<string>Sample Images</string>
			<key>sourceTree</key>
			<string>&lt;group&gt;</string>
		</dict>
		<key>77CC9EE717AA52650042EB0B</key>
		<dict>
			<key>fileEncoding</key>
			<string>4</string>
			<key>isa</key>
			<string>PBXFileReference</string>
			<key>lastKnownFileType</key>
			<string>text.plist.xml</string>
			<key>path</key>
			<string>SampleData.plist</string>
			<key>sourceTree</key>
			<string>&lt;group&gt;</string>
		</dict>
		<key>77CC9EE817AA52650042EB0B</key>
		<dict>
			<key>fileRef</key>
			<string>77CC9EE717AA52650042EB0B</string>
			<key>isa</key>
			<string>PBXBuildFile</string>
		</dict>
		<key>77D69FB517ABDE2B00DE21A4</key>
		<dict>
			<key>isa</key>
			<string>PBXFileReference</string>
			<key>lastKnownFileType</key>
			<string>image.gif</string>
			<key>path</key>
			<string>sample.gif</string>
			<key>sourceTree</key>
			<string>&lt;group&gt;</string>
		</dict>
		<key>77D69FB617ABDE2B00DE21A4</key>
		<dict>
			<key>fileRef</key>
			<string>77D69FB517ABDE2B00DE21A4</string>
			<key>isa</key>
			<string>PBXBuildFile</string>
		</dict>
		<key>77D69FB717ABE8DF00DE21A4</key>
		<dict>
			<key>isa</key>
			<string>PBXFileReference</string>
			<key>lastKnownFileType</key>
			<string>image.png</string>
			<key>name</key>
			<string>Default-568h@2x.png</string>
			<key>path</key>
			<string>MJTransitionEffect/Default-568h@2x.png</string>
			<key>sourceTree</key>
			<string>SOURCE_ROOT</string>
		</dict>
		<key>77D69FB817ABE8DF00DE21A4</key>
		<dict>
			<key>isa</key>
			<string>PBXFileReference</string>
			<key>lastKnownFileType</key>
			<string>image.png</string>
			<key>name</key>
			<string>Default.png</string>
			<key>path</key>
			<string>MJTransitionEffect/Default.png</string>
			<key>sourceTree</key>
			<string>SOURCE_ROOT</string>
		</dict>
		<key>77D69FB917ABE8DF00DE21A4</key>
		<dict>
			<key>isa</key>
			<string>PBXFileReference</string>
			<key>lastKnownFileType</key>
			<string>image.png</string>
			<key>name</key>
			<string>Default@2x.png</string>
			<key>path</key>
			<string>MJTransitionEffect/Default@2x.png</string>
			<key>sourceTree</key>
			<string>SOURCE_ROOT</string>
		</dict>
		<key>77D69FBA17ABE8DF00DE21A4</key>
		<dict>
			<key>fileEncoding</key>
			<string>4</string>
			<key>isa</key>
			<string>PBXFileReference</string>
			<key>lastKnownFileType</key>
			<string>sourcecode.c.objc</string>
			<key>name</key>
			<string>main.m</string>
			<key>path</key>
			<string>MJTransitionEffect/main.m</string>
			<key>sourceTree</key>
			<string>SOURCE_ROOT</string>
		</dict>
		<key>77D69FBB17ABE8DF00DE21A4</key>
		<dict>
			<key>fileEncoding</key>
			<string>4</string>
			<key>isa</key>
			<string>PBXFileReference</string>
			<key>lastKnownFileType</key>
			<string>text.plist.xml</string>
			<key>name</key>
			<string>MJTransitionEffect-Info.plist</string>
			<key>path</key>
			<string>MJTransitionEffect/MJTransitionEffect-Info.plist</string>
			<key>sourceTree</key>
			<string>SOURCE_ROOT</string>
		</dict>
		<key>77D69FBC17ABE8DF00DE21A4</key>
		<dict>
			<key>fileEncoding</key>
			<string>4</string>
			<key>isa</key>
			<string>PBXFileReference</string>
			<key>lastKnownFileType</key>
			<string>sourcecode.c.h</string>
			<key>name</key>
			<string>MJTransitionEffect-Prefix.pch</string>
			<key>path</key>
			<string>MJTransitionEffect/MJTransitionEffect-Prefix.pch</string>
			<key>sourceTree</key>
			<string>SOURCE_ROOT</string>
		</dict>
		<key>77D69FBD17ABE8DF00DE21A4</key>
		<dict>
			<key>fileRef</key>
			<string>77D69FB717ABE8DF00DE21A4</string>
			<key>isa</key>
			<string>PBXBuildFile</string>
		</dict>
		<key>77D69FBE17ABE8DF00DE21A4</key>
		<dict>
			<key>fileRef</key>
			<string>77D69FB817ABE8DF00DE21A4</string>
			<key>isa</key>
			<string>PBXBuildFile</string>
		</dict>
		<key>77D69FBF17ABE8DF00DE21A4</key>
		<dict>
			<key>fileRef</key>
			<string>77D69FB917ABE8DF00DE21A4</string>
			<key>isa</key>
			<string>PBXBuildFile</string>
		</dict>
		<key>77D69FC017ABE8DF00DE21A4</key>
		<dict>
			<key>fileRef</key>
			<string>77D69FBA17ABE8DF00DE21A4</string>
			<key>isa</key>
			<string>PBXBuildFile</string>
		</dict>
		<key>77D69FC117ABE8DF00DE21A4</key>
		<dict>
			<key>fileRef</key>
			<string>77D69FBB17ABE8DF00DE21A4</string>
			<key>isa</key>
			<string>PBXBuildFile</string>
		</dict>
		<key>77D69FC517ABE90700DE21A4</key>
		<dict>
			<key>fileEncoding</key>
			<string>4</string>
			<key>isa</key>
			<string>PBXFileReference</string>
			<key>lastKnownFileType</key>
			<string>sourcecode.c.h</string>
			<key>name</key>
			<string>AppDelegate.h</string>
			<key>path</key>
			<string>MJTransitionEffect/AppDelegate.h</string>
			<key>sourceTree</key>
			<string>SOURCE_ROOT</string>
		</dict>
		<key>77D69FC617ABE90700DE21A4</key>
		<dict>
			<key>fileEncoding</key>
			<string>4</string>
			<key>isa</key>
			<string>PBXFileReference</string>
			<key>lastKnownFileType</key>
			<string>sourcecode.c.objc</string>
			<key>name</key>
			<string>AppDelegate.m</string>
			<key>path</key>
			<string>MJTransitionEffect/AppDelegate.m</string>
			<key>sourceTree</key>
			<string>SOURCE_ROOT</string>
		</dict>
		<key>77D69FC717ABE90700DE21A4</key>
		<dict>
			<key>fileEncoding</key>
			<string>4</string>
			<key>isa</key>
			<string>PBXFileReference</string>
			<key>lastKnownFileType</key>
			<string>sourcecode.c.h</string>
			<key>name</key>
			<string>DetailViewController.h</string>
			<key>path</key>
			<string>MJTransitionEffect/DetailViewController.h</string>
			<key>sourceTree</key>
			<string>SOURCE_ROOT</string>
		</dict>
		<key>77D69FC817ABE90700DE21A4</key>
		<dict>
			<key>fileEncoding</key>
			<string>4</string>
			<key>isa</key>
			<string>PBXFileReference</string>
			<key>lastKnownFileType</key>
			<string>sourcecode.c.objc</string>
			<key>name</key>
			<string>DetailViewController.m</string>
			<key>path</key>
			<string>MJTransitionEffect/DetailViewController.m</string>
			<key>sourceTree</key>
			<string>SOURCE_ROOT</string>
		</dict>
		<key>77D69FC917ABE90700DE21A4</key>
		<dict>
			<key>fileEncoding</key>
			<string>4</string>
			<key>isa</key>
			<string>PBXFileReference</string>
			<key>lastKnownFileType</key>
			<string>file.xib</string>
			<key>name</key>
			<string>DetailViewController.xib</string>
			<key>path</key>
			<string>MJTransitionEffect/DetailViewController.xib</string>
			<key>sourceTree</key>
			<string>SOURCE_ROOT</string>
		</dict>
		<key>77D69FCA17ABE90700DE21A4</key>
		<dict>
			<key>fileEncoding</key>
			<string>4</string>
			<key>isa</key>
			<string>PBXFileReference</string>
			<key>lastKnownFileType</key>
			<string>sourcecode.c.h</string>
			<key>name</key>
			<string>SampleCell.h</string>
			<key>path</key>
			<string>MJTransitionEffect/SampleCell.h</string>
			<key>sourceTree</key>
			<string>SOURCE_ROOT</string>
		</dict>
		<key>77D69FCB17ABE90700DE21A4</key>
		<dict>
			<key>fileEncoding</key>
			<string>4</string>
			<key>isa</key>
			<string>PBXFileReference</string>
			<key>lastKnownFileType</key>
			<string>sourcecode.c.objc</string>
			<key>name</key>
			<string>SampleCell.m</string>
			<key>path</key>
			<string>MJTransitionEffect/SampleCell.m</string>
			<key>sourceTree</key>
			<string>SOURCE_ROOT</string>
		</dict>
		<key>77D69FCC17ABE90700DE21A4</key>
		<dict>
			<key>fileEncoding</key>
			<string>4</string>
			<key>isa</key>
			<string>PBXFileReference</string>
			<key>lastKnownFileType</key>
			<string>file.xib</string>
			<key>name</key>
			<string>SampleCell.xib</string>
			<key>path</key>
			<string>MJTransitionEffect/SampleCell.xib</string>
			<key>sourceTree</key>
			<string>SOURCE_ROOT</string>
		</dict>
		<key>77D69FCD17ABE90700DE21A4</key>
		<dict>
			<key>isa</key>
			<string>PBXFileReference</string>
			<key>lastKnownFileType</key>
			<string>image.png</string>
			<key>name</key>
			<string>temp.png</string>
			<key>path</key>
			<string>MJTransitionEffect/temp.png</string>
			<key>sourceTree</key>
			<string>SOURCE_ROOT</string>
		</dict>
		<key>77D69FCE17ABE90700DE21A4</key>
		<dict>
			<key>fileEncoding</key>
			<string>4</string>
			<key>isa</key>
			<string>PBXFileReference</string>
			<key>lastKnownFileType</key>
			<string>sourcecode.c.h</string>
			<key>name</key>
			<string>ViewController.h</string>
			<key>path</key>
			<string>MJTransitionEffect/ViewController.h</string>
			<key>sourceTree</key>
			<string>SOURCE_ROOT</string>
		</dict>
		<key>77D69FCF17ABE90700DE21A4</key>
		<dict>
			<key>fileEncoding</key>
			<string>4</string>
			<key>isa</key>
			<string>PBXFileReference</string>
			<key>lastKnownFileType</key>
			<string>sourcecode.c.objc</string>
			<key>name</key>
			<string>ViewController.m</string>
			<key>path</key>
			<string>MJTransitionEffect/ViewController.m</string>
			<key>sourceTree</key>
			<string>SOURCE_ROOT</string>
		</dict>
		<key>77D69FD017ABE90700DE21A4</key>
		<dict>
			<key>fileRef</key>
			<string>77D69FC617ABE90700DE21A4</string>
			<key>isa</key>
			<string>PBXBuildFile</string>
		</dict>
		<key>77D69FD117ABE90700DE21A4</key>
		<dict>
			<key>fileRef</key>
			<string>77D69FC817ABE90700DE21A4</string>
			<key>isa</key>
			<string>PBXBuildFile</string>
		</dict>
		<key>77D69FD217ABE90700DE21A4</key>
		<dict>
			<key>fileRef</key>
			<string>77D69FC917ABE90700DE21A4</string>
			<key>isa</key>
			<string>PBXBuildFile</string>
		</dict>
		<key>77D69FD317ABE90700DE21A4</key>
		<dict>
			<key>fileRef</key>
			<string>77D69FCB17ABE90700DE21A4</string>
			<key>isa</key>
			<string>PBXBuildFile</string>
		</dict>
		<key>77D69FD417ABE90700DE21A4</key>
		<dict>
			<key>fileRef</key>
			<string>77D69FCC17ABE90700DE21A4</string>
			<key>isa</key>
			<string>PBXBuildFile</string>
		</dict>
		<key>77D69FD517ABE90700DE21A4</key>
		<dict>
			<key>fileRef</key>
			<string>77D69FCD17ABE90700DE21A4</string>
			<key>isa</key>
			<string>PBXBuildFile</string>
		</dict>
		<key>77D69FD617ABE90700DE21A4</key>
		<dict>
			<key>fileRef</key>
			<string>77D69FCF17ABE90700DE21A4</string>
			<key>isa</key>
			<string>PBXBuildFile</string>
		</dict>
		<key>77D69FD717ABE91B00DE21A4</key>
		<dict>
			<key>children</key>
			<array>
				<string>77D69FD817ABE91B00DE21A4</string>
			</array>
			<key>isa</key>
			<string>PBXVariantGroup</string>
			<key>name</key>
			<string>ViewController.xib</string>
			<key>sourceTree</key>
			<string>&lt;group&gt;</string>
		</dict>
		<key>77D69FD817ABE91B00DE21A4</key>
		<dict>
			<key>isa</key>
			<string>PBXFileReference</string>
			<key>lastKnownFileType</key>
			<string>file.xib</string>
			<key>name</key>
			<string>en</string>
			<key>path</key>
			<string>MJTransitionEffect/en.lproj/ViewController.xib</string>
			<key>sourceTree</key>
			<string>SOURCE_ROOT</string>
		</dict>
		<key>77D69FD917ABE91B00DE21A4</key>
		<dict>
			<key>fileRef</key>
			<string>77D69FD717ABE91B00DE21A4</string>
			<key>isa</key>
			<string>PBXBuildFile</string>
		</dict>
		<key>77D69FDA17ABE92900DE21A4</key>
		<dict>
			<key>isa</key>
			<string>PBXFileReference</string>
			<key>lastKnownFileType</key>
			<string>image.jpeg</string>
			<key>name</key>
			<string>images-1.jpeg</string>
			<key>path</key>
			<string>Images/images-1.jpeg</string>
			<key>sourceTree</key>
			<string>&lt;group&gt;</string>
		</dict>
		<key>77D69FDB17ABE92900DE21A4</key>
		<dict>
			<key>isa</key>
			<string>PBXFileReference</string>
			<key>lastKnownFileType</key>
			<string>image.jpeg</string>
			<key>name</key>
			<string>images-2.jpeg</string>
			<key>path</key>
			<string>Images/images-2.jpeg</string>
			<key>sourceTree</key>
			<string>&lt;group&gt;</string>
		</dict>
		<key>77D69FDC17ABE92900DE21A4</key>
		<dict>
			<key>isa</key>
			<string>PBXFileReference</string>
			<key>lastKnownFileType</key>
			<string>image.jpeg</string>
			<key>name</key>
			<string>images-3.jpeg</string>
			<key>path</key>
			<string>Images/images-3.jpeg</string>
			<key>sourceTree</key>
			<string>&lt;group&gt;</string>
		</dict>
		<key>77D69FDD17ABE92900DE21A4</key>
		<dict>
			<key>isa</key>
			<string>PBXFileReference</string>
			<key>lastKnownFileType</key>
			<string>image.jpeg</string>
			<key>name</key>
			<string>images-4.jpeg</string>
			<key>path</key>
			<string>Images/images-4.jpeg</string>
			<key>sourceTree</key>
			<string>&lt;group&gt;</string>
		</dict>
		<key>77D69FDE17ABE92900DE21A4</key>
		<dict>
			<key>isa</key>
			<string>PBXFileReference</string>
			<key>lastKnownFileType</key>
			<string>image.jpeg</string>
			<key>name</key>
			<string>images-5.jpeg</string>
			<key>path</key>
			<string>Images/images-5.jpeg</string>
			<key>sourceTree</key>
			<string>&lt;group&gt;</string>
		</dict>
		<key>77D69FDF17ABE92900DE21A4</key>
		<dict>
			<key>isa</key>
			<string>PBXFileReference</string>
			<key>lastKnownFileType</key>
			<string>image.jpeg</string>
			<key>name</key>
			<string>images-6.jpeg</string>
			<key>path</key>
			<string>Images/images-6.jpeg</string>
			<key>sourceTree</key>
			<string>&lt;group&gt;</string>
		</dict>
		<key>77D69FE017ABE92900DE21A4</key>
		<dict>
			<key>isa</key>
			<string>PBXFileReference</string>
			<key>lastKnownFileType</key>
			<string>image.jpeg</string>
			<key>name</key>
			<string>images-7.jpeg</string>
			<key>path</key>
			<string>Images/images-7.jpeg</string>
			<key>sourceTree</key>
			<string>&lt;group&gt;</string>
		</dict>
		<key>77D69FE117ABE92900DE21A4</key>
		<dict>
			<key>isa</key>
			<string>PBXFileReference</string>
			<key>lastKnownFileType</key>
			<string>image.jpeg</string>
			<key>name</key>
			<string>images-8.jpeg</string>
			<key>path</key>
			<string>Images/images-8.jpeg</string>
			<key>sourceTree</key>
			<string>&lt;group&gt;</string>
		</dict>
		<key>77D69FE217ABE92900DE21A4</key>
		<dict>
			<key>isa</key>
			<string>PBXFileReference</string>
			<key>lastKnownFileType</key>
			<string>image.jpeg</string>
			<key>name</key>
			<string>images-9.jpeg</string>
			<key>path</key>
			<string>Images/images-9.jpeg</string>
			<key>sourceTree</key>
			<string>&lt;group&gt;</string>
		</dict>
		<key>77D69FE317ABE92900DE21A4</key>
		<dict>
			<key>isa</key>
			<string>PBXFileReference</string>
			<key>lastKnownFileType</key>
			<string>image.jpeg</string>
			<key>name</key>
			<string>images-10.jpeg</string>
			<key>path</key>
			<string>Images/images-10.jpeg</string>
			<key>sourceTree</key>
			<string>&lt;group&gt;</string>
		</dict>
		<key>77D69FE417ABE92900DE21A4</key>
		<dict>
			<key>fileRef</key>
			<string>77D69FDA17ABE92900DE21A4</string>
			<key>isa</key>
			<string>PBXBuildFile</string>
		</dict>
		<key>77D69FE517ABE92900DE21A4</key>
		<dict>
			<key>fileRef</key>
			<string>77D69FDB17ABE92900DE21A4</string>
			<key>isa</key>
			<string>PBXBuildFile</string>
		</dict>
		<key>77D69FE617ABE92900DE21A4</key>
		<dict>
			<key>fileRef</key>
			<string>77D69FDC17ABE92900DE21A4</string>
			<key>isa</key>
			<string>PBXBuildFile</string>
		</dict>
		<key>77D69FE717ABE92900DE21A4</key>
		<dict>
			<key>fileRef</key>
			<string>77D69FDD17ABE92900DE21A4</string>
			<key>isa</key>
			<string>PBXBuildFile</string>
		</dict>
		<key>77D69FE817ABE92900DE21A4</key>
		<dict>
			<key>fileRef</key>
			<string>77D69FDE17ABE92900DE21A4</string>
			<key>isa</key>
			<string>PBXBuildFile</string>
		</dict>
		<key>77D69FE917ABE92900DE21A4</key>
		<dict>
			<key>fileRef</key>
			<string>77D69FDF17ABE92900DE21A4</string>
			<key>isa</key>
			<string>PBXBuildFile</string>
		</dict>
		<key>77D69FEA17ABE92900DE21A4</key>
		<dict>
			<key>fileRef</key>
			<string>77D69FE017ABE92900DE21A4</string>
			<key>isa</key>
			<string>PBXBuildFile</string>
		</dict>
		<key>77D69FEB17ABE92900DE21A4</key>
		<dict>
			<key>fileRef</key>
			<string>77D69FE117ABE92900DE21A4</string>
			<key>isa</key>
			<string>PBXBuildFile</string>
		</dict>
		<key>77D69FEC17ABE92900DE21A4</key>
		<dict>
			<key>fileRef</key>
			<string>77D69FE217ABE92900DE21A4</string>
			<key>isa</key>
			<string>PBXBuildFile</string>
		</dict>
		<key>77D69FED17ABE92900DE21A4</key>
		<dict>
			<key>fileRef</key>
			<string>77D69FE317ABE92900DE21A4</string>
			<key>isa</key>
			<string>PBXBuildFile</string>
		</dict>
		<key>77D69FEE17ABE97900DE21A4</key>
		<dict>
			<key>children</key>
			<array>
				<string>77D69FEF17ABE97900DE21A4</string>
			</array>
			<key>isa</key>
			<string>PBXVariantGroup</string>
			<key>name</key>
			<string>InfoPlist.strings</string>
			<key>sourceTree</key>
			<string>&lt;group&gt;</string>
		</dict>
		<key>77D69FEF17ABE97900DE21A4</key>
		<dict>
			<key>isa</key>
			<string>PBXFileReference</string>
			<key>lastKnownFileType</key>
			<string>text.plist.strings</string>
			<key>name</key>
			<string>en</string>
			<key>path</key>
			<string>MJTransitionEffect/en.lproj/InfoPlist.strings</string>
			<key>sourceTree</key>
			<string>SOURCE_ROOT</string>
		</dict>
		<key>77D69FF017ABE97900DE21A4</key>
		<dict>
			<key>fileRef</key>
			<string>77D69FEE17ABE97900DE21A4</string>
			<key>isa</key>
			<string>PBXBuildFile</string>
		</dict>
		<key>7f683beab7424e0f663b80df</key>
		<dict>
			<key>fileRef</key>
			<string>77D69FB717ABE8DF00DE21A4</string>
			<key>isa</key>
			<string>PBXBuildFile</string>
		</dict>
		<key>807c564624c74a37300ed5ff</key>
		<dict>
			<key>fileRef</key>
			<string>77D69FCB17ABE90700DE21A4</string>
			<key>isa</key>
			<string>PBXBuildFile</string>
		</dict>
		<key>8ccc7988d75f8e62d6e8d33d</key>
		<dict>
			<key>fileRef</key>
			<string>7715883117A91CA700FEA414</string>
			<key>isa</key>
			<string>PBXBuildFile</string>
		</dict>
		<key>8dbe66d7c1baeb861608337a</key>
		<dict>
			<key>fileRef</key>
			<string>77D69FD717ABE91B00DE21A4</string>
			<key>isa</key>
			<string>PBXBuildFile</string>
		</dict>
		<key>96ffd8f5aaed4ef65d5237b8</key>
		<dict>
			<key>buildActionMask</key>
			<string>2147483647</string>
			<key>files</key>
			<array>
				<string>3b28f9d0c670aa0e2892134d</string>
				<string>0230c65f1189c88da8186fca</string>
				<string>7f683beab7424e0f663b80df</string>
				<string>44dece5be553096ca1980d70</string>
				<string>c83fac12c17ffc2064ead18b</string>
				<string>de021d3c2f0c3800891d7339</string>
				<string>f00266079cd82d4435dbb654</string>
				<string>254ccf4a39c9bad958d9d77e</string>
				<string>2100af818aea86dba18e56cd</string>
				<string>8dbe66d7c1baeb861608337a</string>
				<string>d783f16971d13a8540a1aceb</string>
				<string>7469eb66ae62a146a7019a20</string>
				<string>6f5eebc1dcf74bf4289be3bf</string>
				<string>32c7d7f579ca6164b21df2da</string>
				<string>bfb499aa474e907c7d842926</string>
				<string>29a785e0dcffe3db548bbd93</string>
				<string>2de72b048c24261bf5218386</string>
				<string>f58e79fe06b13900c391cfc0</string>
				<string>3ea0b73f1e8d56bd8ad4fb9b</string>
				<string>2e62ea082008344b6e27092d</string>
				<string>d6bce5e0a50d3b6d3bff8e55</string>
			</array>
			<key>isa</key>
			<string>PBXResourcesBuildPhase</string>
			<key>runOnlyForDeploymentPostprocessing</key>
			<string>0</string>
		</dict>
		<key>a6378cb8bdce9e21540a17f1</key>
		<dict>
			<key>fileRef</key>
			<string>c95a928cb572a625bf2d5c58</string>
			<key>isa</key>
			<string>PBXBuildFile</string>
		</dict>
		<key>b66a3c143eaad5fd4d336153</key>
		<dict>
			<key>fileRef</key>
			<string>77D69FC617ABE90700DE21A4</string>
			<key>isa</key>
			<string>PBXBuildFile</string>
		</dict>
		<key>b8fad792bb47118033e46173</key>
		<dict>
			<key>buildSettings</key>
			<dict>
				<key>CODE_SIGN_IDENTITY</key>
				<string>iPhone Developer: Anand Shah (A8VHE84DGR)</string>
				<key>CODE_SIGN_IDENTITY[sdk=iphoneos*]</key>
				<string>iPhone Developer: Anand Shah (A8VHE84DGR)</string>
				<key>FRAMEWORK_SEARCH_PATHS</key>
				<array>
					<string>$(inherited)</string>
					<string>"$(SRCROOT)"</string>
				</array>
				<key>GCC_PRECOMPILE_PREFIX_HEADER</key>
				<string>YES</string>
				<key>GCC_PREFIX_HEADER</key>
				<string>MJTransitionEffect/MJTransitionEffect-Prefix.pch</string>
				<key>INFOPLIST_FILE</key>
				<string>MJTransitionEffect/MJTransitionEffect-Info.plist</string>
				<key>OTHER_LDFLAGS</key>
				<array>
					<string>$(inherited)</string>
					<string>-force_load</string>
					<string>"$(SRCROOT)/calabash.framework/calabash"</string>
					<string>-lstdc++</string>
				</array>
				<key>PRODUCT_NAME</key>
				<string>MJTransitionEffect</string>
				<key>PROVISIONING_PROFILE</key>
				<string>2CD50994-F1F9-480F-AB70-BE79BF7A3DBE</string>
				<key>PROVISIONING_PROFILE[sdk=iphoneos*]</key>
				<string>2CD50994-F1F9-480F-AB70-BE79BF7A3DBE</string>
				<key>WRAPPER_EXTENSION</key>
				<string>app</string>
			</dict>
			<key>isa</key>
			<string>XCBuildConfiguration</string>
			<key>name</key>
			<string>Debug</string>
		</dict>
		<key>bfb499aa474e907c7d842926</key>
		<dict>
			<key>fileRef</key>
			<string>77D69FDE17ABE92900DE21A4</string>
			<key>isa</key>
			<string>PBXBuildFile</string>
		</dict>
		<key>c83fac12c17ffc2064ead18b</key>
		<dict>
			<key>fileRef</key>
			<string>77D69FB917ABE8DF00DE21A4</string>
			<key>isa</key>
			<string>PBXBuildFile</string>
		</dict>
		<key>c95a928cb572a625bf2d5c58</key>
		<dict>
			<key>fileEncoding</key>
			<string>4</string>
			<key>isa</key>
			<string>PBXFileReference</string>
			<key>lastKnownFileType</key>
			<string>wrapper.framework</string>
			<key>name</key>
			<string>calabash.framework</string>
			<key>path</key>
			<string>calabash.framework</string>
			<key>sourceTree</key>
			<string>&lt;group&gt;</string>
		</dict>
		<key>cbe0bac744142052e2d5d72b</key>
		<dict>
			<key>buildConfigurationList</key>
			<string>328686070c99a172eaf96676</string>
			<key>buildPhases</key>
			<array>
				<string>21b0f1d70c108c88f2c82044</string>
				<string>358ab400f5a66e83bedf36ca</string>
				<string>96ffd8f5aaed4ef65d5237b8</string>
			</array>
			<key>buildRules</key>
			<array/>
			<key>dependencies</key>
			<array/>
			<key>isa</key>
			<string>PBXNativeTarget</string>
			<key>name</key>
			<string>MJTransitionEffect-cal</string>
			<key>productName</key>
			<string>AnimationMaximize-cal</string>
			<key>productReference</key>
			<string>fdb141ce8fc328e6ce675b02</string>
			<key>productType</key>
			<string>com.apple.product-type.application</string>
		</dict>
		<key>d6bce5e0a50d3b6d3bff8e55</key>
		<dict>
			<key>fileRef</key>
			<string>77D69FEE17ABE97900DE21A4</string>
			<key>isa</key>
			<string>PBXBuildFile</string>
		</dict>
		<key>d783f16971d13a8540a1aceb</key>
		<dict>
			<key>fileRef</key>
			<string>77D69FDA17ABE92900DE21A4</string>
			<key>isa</key>
			<string>PBXBuildFile</string>
		</dict>
		<key>de021d3c2f0c3800891d7339</key>
		<dict>
			<key>fileRef</key>
			<string>77D69FBB17ABE8DF00DE21A4</string>
			<key>isa</key>
			<string>PBXBuildFile</string>
		</dict>
		<key>edb8fa7b67ed1cbb4b5c9928</key>
		<dict>
			<key>fileRef</key>
			<string>fd0335f15cac39b526c131b9</string>
			<key>isa</key>
			<string>PBXBuildFile</string>
		</dict>
		<key>f00266079cd82d4435dbb654</key>
		<dict>
			<key>fileRef</key>
			<string>77D69FC917ABE90700DE21A4</string>
			<key>isa</key>
			<string>PBXBuildFile</string>
		</dict>
		<key>f58e79fe06b13900c391cfc0</key>
		<dict>
			<key>fileRef</key>
			<string>77D69FE117ABE92900DE21A4</string>
			<key>isa</key>
			<string>PBXBuildFile</string>
		</dict>
		<key>f6c317a5df2042e77981c915</key>
		<dict>
			<key>fileRef</key>
			<string>7715883317A91CA700FEA414</string>
			<key>isa</key>
			<string>PBXBuildFile</string>
		</dict>
		<key>fd0335f15cac39b526c131b9</key>
		<dict>
			<key>fileEncoding</key>
			<string>4</string>
			<key>isa</key>
			<string>PBXFileReference</string>
			<key>lastKnownFileType</key>
			<string>wrapper.framework</string>
			<key>name</key>
			<string>CFNetwork.framework</string>
			<key>path</key>
			<string>System/Library/Frameworks/CFNetwork.framework</string>
			<key>sourceTree</key>
			<string>SDKROOT</string>
		</dict>
		<key>fdb141ce8fc328e6ce675b02</key>
		<dict>
			<key>explicitFileType</key>
			<string>wrapper.application</string>
			<key>includeInIndex</key>
			<string>0</string>
			<key>isa</key>
			<string>PBXFileReference</string>
			<key>path</key>
			<string>MJTransitionEffect-cal.app</string>
			<key>sourceTree</key>
			<string>BUILT_PRODUCTS_DIR</string>
		</dict>
		<key>fffee292cb062ffd75ab6960</key>
		<dict>
			<key>fileRef</key>
			<string>7715882F17A91CA700FEA414</string>
			<key>isa</key>
			<string>PBXBuildFile</string>
		</dict>
	</dict>
	<key>rootObject</key>
	<string>7715882417A91CA700FEA414</string>
</dict>
</plist>
